<?xml version="1.0" encoding="utf-8"?>
<Project ToolsVersion="4.0" xmlns="http://schemas.microsoft.com/developer/msbuild/2003">
  <ItemGroup>
    <Filter Include="Source Files">
      <UniqueIdentifier>{4FC737F1-C7A5-4376-A066-2A32D752A2FF}</UniqueIdentifier>
      <Extensions>cpp;c;cc;cxx;def;odl;idl;hpj;bat;asm;asmx</Extensions>
    </Filter>
    <Filter Include="Header Files">
      <UniqueIdentifier>{93995380-89BD-4b04-88EB-625FBE52EBFB}</UniqueIdentifier>
      <Extensions>h;hpp;hxx;hm;inl;inc;xsd</Extensions>
    </Filter>
    <Filter Include="Resource Files">
      <UniqueIdentifier>{67DA6AB6-F800-4c08-8B7A-83BB121AAD01}</UniqueIdentifier>
      <Extensions>rc;ico;cur;bmp;dlg;rc2;rct;bin;rgs;gif;jpg;jpeg;jpe;resx;tiff;tif;png;wav;mfcribbon-ms</Extensions>
    </Filter>
  </ItemGroup>
  <ItemGroup>
    <ClCompile Include="Wipeout4Ever.cpp">
      <Filter>Source Files</Filter>
    </ClCompile>
    <ClCompile Include="TGA.cpp">
      <Filter>Source Files</Filter>
    </ClCompile>
    <ClCompile Include="binfile.cpp">
      <Filter>Source Files</Filter>
    </ClCompile>
    <ClCompile Include="TIM.cpp">
      <Filter>Source Files</Filter>
    </ClCompile>
    <ClCompile Include="CMP.cpp">
      <Filter>Source Files</Filter>
    </ClCompile>
    <ClCompile Include="endian_tools.cpp">
      <Filter>Source Files</Filter>
    </ClCompile>
    <ClCompile Include="PRM.cpp">
      <Filter>Source Files</Filter>
    </ClCompile>
    <ClCompile Include="TRACK.cpp">
      <Filter>Source Files</Filter>
    </ClCompile>
    <ClCompile Include="TRF.cpp">
      <Filter>Source Files</Filter>
    </ClCompile>
    <ClCompile Include="TRS.cpp">
      <Filter>Source Files</Filter>
    </ClCompile>
    <ClCompile Include="TRV.cpp">
      <Filter>Source Files</Filter>
    </ClCompile>
    <ClCompile Include="VEW.cpp">
      <Filter>Source Files</Filter>
    </ClCompile>
    <ClCompile Include="vram.cpp">
      <Filter>Source Files</Filter>
    </ClCompile>
    <ClCompile Include="WAD.cpp">
      <Filter>Source Files</Filter>
    </ClCompile>
    <ClCompile Include="Source.cpp">
      <Filter>Source Files</Filter>
    </ClCompile>
    <ClCompile Include="Config.cpp">
      <Filter>Source Files</Filter>
    </ClCompile>
  </ItemGroup>
  <ItemGroup>
    <ClInclude Include="TRACK.h">
      <Filter>Source Files</Filter>
    </ClInclude>
    <ClInclude Include="Globals.h">
      <Filter>Source Files</Filter>
    </ClInclude>
    <ClInclude Include="CMP.h">
      <Filter>Header Files</Filter>
    </ClInclude>
    <ClInclude Include="PRM.h">
      <Filter>Header Files</Filter>
    </ClInclude>
    <ClInclude Include="TIM.h">
      <Filter>Header Files</Filter>
    </ClInclude>
    <ClInclude Include="TRF.h">
      <Filter>Header Files</Filter>
    </ClInclude>
    <ClInclude Include="TRS.h">
      <Filter>Header Files</Filter>
    </ClInclude>
    <ClInclude Include="TRV.h">
      <Filter>Header Files</Filter>
    </ClInclude>
    <ClInclude Include="vram.h">
      <Filter>Header Files</Filter>
    </ClInclude>
    <ClInclude Include="WAD.h">
      <Filter>Header Files</Filter>
    </ClInclude>
    <ClInclude Include="binfile.h">
      <Filter>Header Files</Filter>
    </ClInclude>
    <ClInclude Include="endian_tools.h">
      <Filter>Header Files</Filter>
    </ClInclude>
  </ItemGroup>
</Project>